{
  "name": "orbitarium-workspace",
  "version": "0.1.0",
  "lockfileVersion": 3,
  "requires": true,
  "packages": {
    "": {
      "name": "orbitarium-workspace",
      "version": "0.1.0",
      "workspaces": [
        "packages/*"
      ],
      "engines": {
        "node": ">=20"
      }
    },
    "node_modules/@orbitarium/celestial": {
      "resolved": "packages/celestial",
      "link": true
    },
    "node_modules/@orbitarium/collisions": {
      "resolved": "packages/collisions",
      "link": true
    },
    "node_modules/@orbitarium/core": {
      "resolved": "packages/core",
      "link": true
    },
    "node_modules/@orbitarium/gpu": {
      "resolved": "packages/gpu",
      "link": true
    },
    "node_modules/@orbitarium/gravity": {
      "resolved": "packages/gravity",
      "link": true
    },
    "node_modules/@orbitarium/kernels": {
      "resolved": "packages/kernels",
      "link": true
    },
    "node_modules/@orbitarium/math": {
      "resolved": "packages/math",
      "link": true
    },
    "node_modules/@orbitarium/persistence": {
      "resolved": "packages/persistence",
      "link": true
    },
    "node_modules/@orbitarium/renderer": {
      "resolved": "packages/renderer",
      "link": true
    },
    "node_modules/@orbitarium/simulation": {
      "resolved": "packages/simulation",
      "link": true
    },
    "node_modules/@orbitarium/thermal": {
      "resolved": "packages/thermal",
      "link": true
    },
    "node_modules/@orbitarium/ui": {
      "resolved": "packages/ui",
      "link": true
    },
    "packages/celestial": {
      "name": "@orbitarium/celestial",
      "version": "0.1.0",
      "license": "MIT",
      "dependencies": {
        "@orbitarium/core": "0.1.0",
        "@orbitarium/math": "0.1.0"
      }
    },
    "packages/collisions": {
      "name": "@orbitarium/collisions",
      "version": "0.1.0",
      "license": "MIT",
      "dependencies": {
        "@orbitarium/core": "0.1.0",
        "@orbitarium/math": "0.1.0"
      }
    },
    "packages/core": {
      "name": "@orbitarium/core",
      "version": "0.1.0",
      "license": "MIT",
      "dependencies": {
        "@orbitarium/math": "0.1.0"
      }
    },
    "packages/gpu": {
      "name": "@orbitarium/gpu",
      "version": "0.1.0",
      "license": "MIT",
      "dependencies": {
        "@orbitarium/kernels": "0.1.0"
      }
    },
    "packages/gravity": {
      "name": "@orbitarium/gravity",
      "version": "0.1.0",
      "license": "MIT",
      "dependencies": {
        "@orbitarium/math": "0.1.0"
      }
    },
    "packages/kernels": {
      "name": "@orbitarium/kernels",
      "version": "0.1.0",
      "license": "MIT"
    },
    "packages/math": {
      "name": "@orbitarium/math",
      "version": "0.1.0",
      "license": "MIT"
    },
    "packages/persistence": {
      "name": "@orbitarium/persistence",
      "version": "0.1.0",
      "license": "MIT",
      "dependencies": {
        "@orbitarium/core": "0.1.0"
      }
    },
    "packages/renderer": {
      "name": "@orbitarium/renderer",
      "version": "0.1.0",
      "license": "MIT",
      "dependencies": {
        "@orbitarium/gpu": "0.1.0",
        "@orbitarium/kernels": "0.1.0",
        "@orbitarium/math": "0.1.0"
      }
    },
    "packages/simulation": {
      "name": "@orbitarium/simulation",
      "version": "0.1.0",
      "license": "MIT",
      "dependencies": {
        "@orbitarium/collisions": "0.1.0",
        "@orbitarium/core": "0.1.0",
        "@orbitarium/gravity": "0.1.0",
        "@orbitarium/math": "0.1.0",
        "@orbitarium/persistence": "0.1.0",
        "@orbitarium/thermal": "0.1.0"
      }
    },
    "packages/thermal": {
      "name": "@orbitarium/thermal",
      "version": "0.1.0",
      "license": "MIT",
      "dependencies": {
        "@orbitarium/math": "0.1.0"
      }
    },
    "packages/ui": {
      "name": "@orbitarium/ui",
      "version": "0.1.0",
      "license": "MIT"
    }
  }
}
